
Microsoft Visual Studio Solution File, Format Version 12.00
# Visual Studio Version 17
VisualStudioVersion = 17.13.35828.75 d17.13
MinimumVisualStudioVersion = 10.0.40219.1
Project("{FAE04EC0-301F-11D3-BF4B-00C04F79EFBC}") = "KiralamaSistemi", "KiralamaSistemi\KiralamaSistemi.csproj", "{866D3D55-8D1D-49A4-BB88-A8BD11AE104F}"
EndProject
Global
	GlobalSection(SolutionConfigurationPlatforms) = preSolution
		Debug|Any CPU = Debug|Any CPU
		Release|Any CPU = Release|Any CPU
	EndGlobalSection
	GlobalSection(ProjectConfigurationPlatforms) = postSolution
		{866D3D55-8D1D-49A4-BB88-A8BD11AE104F}.Debug|Any CPU.ActiveCfg = Debug|Any CPU
		{866D3D55-8D1D-49A4-BB88-A8BD11AE104F}.Debug|Any CPU.Build.0 = Debug|Any CPU
		{866D3D55-8D1D-49A4-BB88-A8BD11AE104F}.Release|Any CPU.ActiveCfg = Release|Any CPU
		{866D3D55-8D1D-49A4-BB88-A8BD11AE104F}.Release|Any CPU.Build.0 = Release|Any CPU
	EndGlobalSection
	GlobalSection(SolutionProperties) = preSolution
		HideSolutionNode = FALSE
	EndGlobalSection
	GlobalSection(ExtensibilityGlobals) = postSolution
		SolutionGuid = {271966DF-3F27-4C63-ADEC-E68C9AFFA1DD}
	EndGlobalSection
EndGlobal
